<?xml version="1.0" encoding="utf-8"?>
<Project ToolsVersion="4.0" xmlns="http://schemas.microsoft.com/developer/msbuild/2003">
  <ItemGroup>
    <Filter Include="소스 파일">
      <UniqueIdentifier>{4FC737F1-C7A5-4376-A066-2A32D752A2FF}</UniqueIdentifier>
      <Extensions>cpp;c;cc;cxx;c++;cppm;ixx;def;odl;idl;hpj;bat;asm;asmx</Extensions>
    </Filter>
    <Filter Include="헤더 파일">
      <UniqueIdentifier>{93995380-89BD-4b04-88EB-625FBE52EBFB}</UniqueIdentifier>
      <Extensions>h;hh;hpp;hxx;h++;hm;inl;inc;ipp;xsd</Extensions>
    </Filter>
    <Filter Include="리소스 파일">
      <UniqueIdentifier>{67DA6AB6-F800-4c08-8B7A-83BB121AAD01}</UniqueIdentifier>
      <Extensions>rc;ico;cur;bmp;dlg;rc2;rct;bin;rgs;gif;jpg;jpeg;jpe;resx;tiff;tif;png;wav;mfcribbon-ms</Extensions>
    </Filter>
  </ItemGroup>
  <ItemGroup>
    <ClCompile Include="소스.c">
      <Filter>소스 파일</Filter>
    </ClCompile>
  </ItemGroup>
  <ItemGroup>
    <Text Include="..\..\..\..\Desktop\TG프로젝트\계란찜 voice 파일\input30.txt">
      <Filter>헤더 파일</Filter>
    </Text>
    <Text Include="..\..\..\..\Desktop\TG프로젝트\계란찜 voice 파일\input31.txt">
      <Filter>헤더 파일</Filter>
    </Text>
    <Text Include="..\..\..\..\Desktop\TG프로젝트\계란찜 voice 파일\input32.txt">
      <Filter>헤더 파일</Filter>
    </Text>
    <Text Include="..\..\..\..\Desktop\TG프로젝트\계란찜 voice 파일\input33.txt">
      <Filter>헤더 파일</Filter>
    </Text>
    <Text Include="..\..\..\..\Desktop\TG프로젝트\계란찜 voice 파일\input34.txt">
      <Filter>헤더 파일</Filter>
    </Text>
    <Text Include="..\..\..\..\Desktop\TG프로젝트\계란찜 voice 파일\input35.txt">
      <Filter>헤더 파일</Filter>
    </Text>
    <Text Include="..\..\..\..\Desktop\TG프로젝트\계란찜 voice 파일\input36.txt">
      <Filter>헤더 파일</Filter>
    </Text>
    <Text Include="..\..\..\..\Desktop\TG프로젝트\계란찜 voice 파일\input37.txt">
      <Filter>헤더 파일</Filter>
    </Text>
  </ItemGroup>
  <ItemGroup>
    <None Include="..\..\..\..\Desktop\TG프로젝트\계란찜 voice 파일\read30.vbs">
      <Filter>헤더 파일</Filter>
    </None>
    <None Include="..\..\..\..\Desktop\TG프로젝트\계란찜 voice 파일\read31.vbs">
      <Filter>헤더 파일</Filter>
    </None>
    <None Include="..\..\..\..\Desktop\TG프로젝트\계란찜 voice 파일\read32.vbs">
      <Filter>헤더 파일</Filter>
    </None>
    <None Include="..\..\..\..\Desktop\TG프로젝트\계란찜 voice 파일\read33.vbs">
      <Filter>헤더 파일</Filter>
    </None>
    <None Include="..\..\..\..\Desktop\TG프로젝트\계란찜 voice 파일\read34.vbs">
      <Filter>헤더 파일</Filter>
    </None>
    <None Include="..\..\..\..\Desktop\TG프로젝트\계란찜 voice 파일\read35.vbs">
      <Filter>헤더 파일</Filter>
    </None>
    <None Include="..\..\..\..\Desktop\TG프로젝트\계란찜 voice 파일\read36.vbs">
      <Filter>헤더 파일</Filter>
    </None>
    <None Include="..\..\..\..\Desktop\TG프로젝트\계란찜 voice 파일\read37.vbs">
      <Filter>헤더 파일</Filter>
    </None>
  </ItemGroup>
</Project>